
Microsoft Visual Studio Solution File, Format Version 12.00
# Visual Studio Version 16
VisualStudioVersion = 16.0.29201.188
MinimumVisualStudioVersion = 10.0.40219.1
Project("{FAE04EC0-301F-11D3-BF4B-00C04F79EFBC}") = "Flowers Yasuo", "Flowers Yasuo.csproj", "{B7924DE0-BDB7-4ED9-A77C-1BFE31C75AF6}"
EndProject
Global
	GlobalSection(SolutionConfigurationPlatforms) = preSolution
		Debug|Any CPU = Debug|Any CPU
		Release|Any CPU = Release|Any CPU
	EndGlobalSection
	GlobalSection(ProjectConfigurationPlatforms) = postSolution
		{B7924DE0-BDB7-4ED9-A77C-1BFE31C75AF6}.Debug|Any CPU.ActiveCfg = Debug|Any CPU
		{B7924DE0-BDB7-4ED9-A77C-1BFE31C75AF6}.Debug|Any CPU.Build.0 = Debug|Any CPU
		{B7924DE0-BDB7-4ED9-A77C-1BFE31C75AF6}.Release|Any CPU.ActiveCfg = Release|Any CPU
		{B7924DE0-BDB7-4ED9-A77C-1BFE31C75AF6}.Release|Any CPU.Build.0 = Release|Any CPU
	EndGlobalSection
	GlobalSection(SolutionProperties) = preSolution
		HideSolutionNode = FALSE
	EndGlobalSection
	GlobalSection(ExtensibilityGlobals) = postSolution
		SolutionGuid = {6567E565-D7A6-494A-9252-B2F92B3A91D2}
	EndGlobalSection
EndGlobal
